{
  "version": 4,
  "terraform_version": "1.2.4",
  "serial": 73,
  "lineage": "2901e768-814a-41a0-1fde-23b527a10529",
  "outputs": {
    "external_load_balancer_ip": {
      "value": "158.160.113.9",
      "type": "string"
    },
    "instance-0-ip": {
      "value": "192.168.10.10",
      "type": "string"
    },
    "instance-1-ip": {
      "value": "192.168.10.10",
      "type": "string"
    },
    "instance-2-ip": {
      "value": "192.168.10.10",
      "type": "string"
    },
    "test-image-url": {
      "value": "https://mentukov-netology-bucket-test.storage.yandexcloud.net/Lenna.jpg",
      "type": "string"
    }
  },
  "resources": [
    {
      "mode": "managed",
      "type": "yandex_compute_instance_group",
      "name": "ig",
      "provider": "provider[\"registry.terraform.io/yandex-cloud/yandex\"]",
      "instances": [
        {
          "schema_version": 0,
          "attributes": {
            "allocation_policy": [
              {
                "zones": [
                  "ru-central1-a"
                ]
              }
            ],
            "application_load_balancer": [],
            "created_at": "2023-08-03T11:47:01Z",
            "deletion_protection": false,
            "deploy_policy": [
              {
                "max_creating": 3,
                "max_deleting": 1,
                "max_expansion": 1,
                "max_unavailable": 1,
                "startup_duration": 3,
                "strategy": "proactive"
              }
            ],
            "description": "",
            "folder_id": "b1gtrdu4ncmc4ev0pqfe",
            "health_check": [
              {
                "healthy_threshold": 2,
                "http_options": [
                  {
                    "path": "/",
                    "port": 80
                  }
                ],
                "interval": 2,
                "tcp_options": [],
                "timeout": 1,
                "unhealthy_threshold": 2
              }
            ],
            "id": "cl1ddq7s4aq4ffs3keki",
            "instance_template": [
              {
                "boot_disk": [
                  {
                    "device_name": "",
                    "disk_id": "",
                    "initialize_params": [
                      {
                        "description": "",
                        "image_id": "fd827b91d99psvq5fjit",
                        "size": 3,
                        "snapshot_id": "",
                        "type": "network-hdd"
                      }
                    ],
                    "mode": "READ_WRITE"
                  }
                ],
                "description": "",
                "hostname": "",
                "labels": {},
                "metadata": {
                  "ssh-keys": "ubuntu:ssh-rsa AAAAB3NzaC1yc2EAAAADAQABAAABAQDlOy41JTiKREYtoqwxziNVcUDgRdiSddu1N1vDXJwJ17tCdUh6lznccMEQcLoWdVM7tFITMkmrParKeWIRqLgcgdiQ8qY9UaUi29fGpDSLItHexKcZIjQk/5/8hWslYeIT2POkK2XQ8/B7XJ2To+Ps8Y8owHlXfT4ol6Zv/CEukFjBwqjvqpf2Kxuu5Qn5gt2dtmB5z+F06e5CVRtqa9+mt8lvHgbRuhznVI93acMgkZUuNXryQqLMlbcgsxArrNixi6ZwqdIw4mLoMqdbJFzTOLRrZu7j+YJVsHzlxdqBukeKaUuSdNkMCaOVbw38RxqW485Sq1pdN4QcTlgvzK7z mentukov@paradox-2.local\n",
                  "user-data": "#!/bin/bash\napt install httpd -y\ncd /var/www/html\necho '\u003chtml\u003e\u003chead\u003e\u003ctitle\u003eNetology Test YC site\u003c/title\u003e\u003c/head\u003e \u003cbody\u003e\u003ch1\u003e15.2 HW Netology\u003c/h1\u003e\u003cimg src=\"http://mentukov-netology-bucket-test.storage.yandexcloud.net/Lenna.jpg\"/\u003e\u003c/body\u003e\u003c/html\u003e' \u003e index.html\nservice httpd start\n"
                },
                "name": "",
                "network_interface": [
                  {
                    "dns_record": [],
                    "ip_address": "",
                    "ipv4": true,
                    "ipv6": false,
                    "ipv6_address": "",
                    "ipv6_dns_record": [],
                    "nat": true,
                    "nat_dns_record": [],
                    "nat_ip_address": "",
                    "network_id": "enp24rulfmjhb8ouv13p",
                    "security_group_ids": null,
                    "subnet_ids": [
                      "e9b0mfeveis71kgh46on"
                    ]
                  }
                ],
                "network_settings": [],
                "placement_policy": [],
                "platform_id": "standard-v1",
                "resources": [
                  {
                    "core_fraction": 20,
                    "cores": 2,
                    "gpus": 0,
                    "memory": 1
                  }
                ],
                "scheduling_policy": [
                  {
                    "preemptible": true
                  }
                ],
                "secondary_disk": [],
                "service_account_id": ""
              }
            ],
            "instances": [
              {
                "fqdn": "cl1ddq7s4aq4ffs3keki-ysyv.ru-central1.internal",
                "instance_id": "fhm8crpp52ufn0ldj2tp",
                "name": "cl1ddq7s4aq4ffs3keki-ysyv",
                "network_interface": [
                  {
                    "index": 0,
                    "ip_address": "192.168.10.10",
                    "ipv4": true,
                    "ipv6": false,
                    "ipv6_address": "",
                    "mac_address": "d0:0d:86:6f:39:28",
                    "nat": true,
                    "nat_ip_address": "51.250.69.166",
                    "nat_ip_version": "IPV4",
                    "subnet_id": "e9b0mfeveis71kgh46on"
                  }
                ],
                "status": "RUNNING_ACTUAL",
                "status_changed_at": "2023-08-03T11:48:58Z",
                "status_message": "",
                "zone_id": "ru-central1-a"
              },
              {
                "fqdn": "cl1ddq7s4aq4ffs3keki-ipag.ru-central1.internal",
                "instance_id": "fhmetala2bcgr5kafncr",
                "name": "cl1ddq7s4aq4ffs3keki-ipag",
                "network_interface": [
                  {
                    "index": 0,
                    "ip_address": "192.168.10.25",
                    "ipv4": true,
                    "ipv6": false,
                    "ipv6_address": "",
                    "mac_address": "d0:0d:ee:aa:aa:12",
                    "nat": true,
                    "nat_ip_address": "158.160.62.222",
                    "nat_ip_version": "IPV4",
                    "subnet_id": "e9b0mfeveis71kgh46on"
                  }
                ],
                "status": "RUNNING_ACTUAL",
                "status_changed_at": "2023-08-03T11:49:32Z",
                "status_message": "",
                "zone_id": "ru-central1-a"
              },
              {
                "fqdn": "cl1ddq7s4aq4ffs3keki-axus.ru-central1.internal",
                "instance_id": "fhmm7kihfi2qtv6518n8",
                "name": "cl1ddq7s4aq4ffs3keki-axus",
                "network_interface": [
                  {
                    "index": 0,
                    "ip_address": "192.168.10.3",
                    "ipv4": true,
                    "ipv6": false,
                    "ipv6_address": "",
                    "mac_address": "d0:0d:16:3d:25:17",
                    "nat": true,
                    "nat_ip_address": "51.250.88.194",
                    "nat_ip_version": "IPV4",
                    "subnet_id": "e9b0mfeveis71kgh46on"
                  }
                ],
                "status": "RUNNING_ACTUAL",
                "status_changed_at": "2023-08-03T11:49:23Z",
                "status_message": "",
                "zone_id": "ru-central1-a"
              }
            ],
            "labels": null,
            "load_balancer": [
              {
                "max_opening_traffic_duration": 0,
                "status_message": "",
                "target_group_description": "",
                "target_group_id": "enpdfug6eh1knicl8gkp",
                "target_group_labels": null,
                "target_group_name": "target-group"
              }
            ],
            "max_checking_health_duration": 0,
            "name": "ig-balanced",
            "scale_policy": [
              {
                "auto_scale": [],
                "fixed_scale": [
                  {
                    "size": 3
                  }
                ],
                "test_auto_scale": []
              }
            ],
            "service_account_id": "aje4e26gn80pt5967pp3",
            "status": "ACTIVE",
            "timeouts": null,
            "variables": null
          },
          "sensitive_attributes": [],
          "private": "eyJlMmJmYjczMC1lY2FhLTExZTYtOGY4OC0zNDM2M2JjN2M0YzAiOnsiY3JlYXRlIjoxODAwMDAwMDAwMDAwLCJkZWxldGUiOjE4MDAwMDAwMDAwMDAsInVwZGF0ZSI6MTgwMDAwMDAwMDAwMH19",
          "dependencies": [
            "yandex_iam_service_account.sa-bucket",
            "yandex_iam_service_account.sa-ig",
            "yandex_iam_service_account_static_access_key.sa-static-key",
            "yandex_storage_bucket.netology-bucket-test",
            "yandex_vpc_network.lab-net",
            "yandex_vpc_subnet.subnet-public"
          ]
        }
      ]
    },
    {
      "mode": "managed",
      "type": "yandex_iam_service_account",
      "name": "sa-bucket",
      "provider": "provider[\"registry.terraform.io/yandex-cloud/yandex\"]",
      "instances": [
        {
          "schema_version": 0,
          "attributes": {
            "created_at": "2023-08-03T11:44:38Z",
            "description": "",
            "folder_id": "b1gtrdu4ncmc4ev0pqfe",
            "id": "ajebb8gualkuf9jj859c",
            "name": "sa-for-bucket",
            "timeouts": null
          },
          "sensitive_attributes": [],
          "private": "eyJlMmJmYjczMC1lY2FhLTExZTYtOGY4OC0zNDM2M2JjN2M0YzAiOnsiY3JlYXRlIjo2MDAwMDAwMDAwMCwiZGVsZXRlIjo2MDAwMDAwMDAwMCwidXBkYXRlIjo2MDAwMDAwMDAwMH19"
        }
      ]
    },
    {
      "mode": "managed",
      "type": "yandex_iam_service_account",
      "name": "sa-ig",
      "provider": "provider[\"registry.terraform.io/yandex-cloud/yandex\"]",
      "instances": [
        {
          "schema_version": 0,
          "attributes": {
            "created_at": "2023-08-03T11:44:37Z",
            "description": "",
            "folder_id": "b1gtrdu4ncmc4ev0pqfe",
            "id": "aje4e26gn80pt5967pp3",
            "name": "sa-yc-ig",
            "timeouts": null
          },
          "sensitive_attributes": [],
          "private": "eyJlMmJmYjczMC1lY2FhLTExZTYtOGY4OC0zNDM2M2JjN2M0YzAiOnsiY3JlYXRlIjo2MDAwMDAwMDAwMCwiZGVsZXRlIjo2MDAwMDAwMDAwMCwidXBkYXRlIjo2MDAwMDAwMDAwMH19"
        }
      ]
    },
    {
      "mode": "managed",
      "type": "yandex_iam_service_account_static_access_key",
      "name": "sa-static-key",
      "provider": "provider[\"registry.terraform.io/yandex-cloud/yandex\"]",
      "instances": [
        {
          "schema_version": 0,
          "attributes": {
            "access_key": "YCAJEg6P6mIUlQC6SPJ8erwKj",
            "created_at": "2023-08-03T11:44:40Z",
            "description": "static access key for bucket",
            "encrypted_secret_key": null,
            "id": "aje0h3unfk3hd2deejnl",
            "key_fingerprint": null,
            "pgp_key": null,
            "secret_key": "YCOTgnWEG3icvsbiU3Bm69miJI5wA6bTu-dJp9Ar",
            "service_account_id": "ajebb8gualkuf9jj859c"
          },
          "sensitive_attributes": [],
          "private": "bnVsbA==",
          "dependencies": [
            "yandex_iam_service_account.sa-bucket"
          ]
        }
      ]
    },
    {
      "mode": "managed",
      "type": "yandex_lb_network_load_balancer",
      "name": "load-balancer-1",
      "provider": "provider[\"registry.terraform.io/yandex-cloud/yandex\"]",
      "instances": [
        {
          "schema_version": 0,
          "attributes": {
            "attached_target_group": [
              {
                "healthcheck": [
                  {
                    "healthy_threshold": 2,
                    "http_options": [
                      {
                        "path": "/",
                        "port": 80
                      }
                    ],
                    "interval": 2,
                    "name": "http",
                    "tcp_options": [],
                    "timeout": 1,
                    "unhealthy_threshold": 2
                  }
                ],
                "target_group_id": "enpdfug6eh1knicl8gkp"
              }
            ],
            "created_at": "2023-08-03T11:49:35Z",
            "deletion_protection": false,
            "description": "",
            "folder_id": "b1gtrdu4ncmc4ev0pqfe",
            "id": "enpanpej88vbfkfnks0u",
            "labels": null,
            "listener": [
              {
                "external_address_spec": [
                  {
                    "address": "158.160.113.9",
                    "ip_version": "ipv4"
                  }
                ],
                "internal_address_spec": [],
                "name": "lb-listener",
                "port": 80,
                "protocol": "tcp",
                "target_port": 80
              }
            ],
            "name": "network-load-balancer",
            "region_id": "ru-central1",
            "timeouts": null,
            "type": "external"
          },
          "sensitive_attributes": [],
          "private": "eyJlMmJmYjczMC1lY2FhLTExZTYtOGY4OC0zNDM2M2JjN2M0YzAiOnsiY3JlYXRlIjozMDAwMDAwMDAwMDAsImRlbGV0ZSI6MzAwMDAwMDAwMDAwLCJ1cGRhdGUiOjMwMDAwMDAwMDAwMH19",
          "dependencies": [
            "yandex_compute_instance_group.ig",
            "yandex_iam_service_account.sa-bucket",
            "yandex_iam_service_account.sa-ig",
            "yandex_iam_service_account_static_access_key.sa-static-key",
            "yandex_storage_bucket.netology-bucket-test",
            "yandex_vpc_network.lab-net",
            "yandex_vpc_subnet.subnet-public"
          ]
        }
      ]
    },
    {
      "mode": "managed",
      "type": "yandex_resourcemanager_folder_iam_member",
      "name": "bucket-editor",
      "provider": "provider[\"registry.terraform.io/yandex-cloud/yandex\"]",
      "instances": [
        {
          "schema_version": 0,
          "attributes": {
            "folder_id": "b1gtrdu4ncmc4ev0pqfe",
            "id": "b1gtrdu4ncmc4ev0pqfe/storage.editor/serviceAccount:ajebb8gualkuf9jj859c",
            "member": "serviceAccount:ajebb8gualkuf9jj859c",
            "role": "storage.editor",
            "sleep_after": null,
            "timeouts": null
          },
          "sensitive_attributes": [],
          "private": "eyJlMmJmYjczMC1lY2FhLTExZTYtOGY4OC0zNDM2M2JjN2M0YzAiOnsiY3JlYXRlIjo2MDAwMDAwMDAwMCwiZGVmYXVsdCI6NjAwMDAwMDAwMDAsImRlbGV0ZSI6NjAwMDAwMDAwMDAsInJlYWQiOjYwMDAwMDAwMDAwLCJ1cGRhdGUiOjYwMDAwMDAwMDAwfX0=",
          "dependencies": [
            "yandex_iam_service_account.sa-bucket"
          ]
        }
      ]
    },
    {
      "mode": "managed",
      "type": "yandex_resourcemanager_folder_iam_member",
      "name": "ig-editor",
      "provider": "provider[\"registry.terraform.io/yandex-cloud/yandex\"]",
      "instances": [
        {
          "schema_version": 0,
          "attributes": {
            "folder_id": "b1gtrdu4ncmc4ev0pqfe",
            "id": "b1gtrdu4ncmc4ev0pqfe/editor/serviceAccount:aje4e26gn80pt5967pp3",
            "member": "serviceAccount:aje4e26gn80pt5967pp3",
            "role": "editor",
            "sleep_after": null,
            "timeouts": null
          },
          "sensitive_attributes": [],
          "private": "eyJlMmJmYjczMC1lY2FhLTExZTYtOGY4OC0zNDM2M2JjN2M0YzAiOnsiY3JlYXRlIjo2MDAwMDAwMDAwMCwiZGVmYXVsdCI6NjAwMDAwMDAwMDAsImRlbGV0ZSI6NjAwMDAwMDAwMDAsInJlYWQiOjYwMDAwMDAwMDAwLCJ1cGRhdGUiOjYwMDAwMDAwMDAwfX0=",
          "dependencies": [
            "yandex_iam_service_account.sa-ig"
          ]
        }
      ]
    },
    {
      "mode": "managed",
      "type": "yandex_storage_bucket",
      "name": "netology-bucket-test",
      "provider": "provider[\"registry.terraform.io/yandex-cloud/yandex\"]",
      "instances": [
        {
          "schema_version": 0,
          "attributes": {
            "access_key": "YCAJEg6P6mIUlQC6SPJ8erwKj",
            "acl": "public-read",
            "anonymous_access_flags": [
              {
                "config_read": true,
                "list": true,
                "read": true
              }
            ],
            "bucket": "mentukov-netology-bucket-test",
            "bucket_domain_name": "mentukov-netology-bucket-test.storage.yandexcloud.net",
            "bucket_prefix": null,
            "cors_rule": [],
            "default_storage_class": "STANDARD",
            "folder_id": "b1gtrdu4ncmc4ev0pqfe",
            "force_destroy": false,
            "grant": [
              {
                "id": "",
                "permissions": [
                  "READ"
                ],
                "type": "Group",
                "uri": "http://acs.amazonaws.com/groups/global/AllUsers"
              }
            ],
            "https": [],
            "id": "mentukov-netology-bucket-test",
            "lifecycle_rule": [],
            "logging": [],
            "max_size": 0,
            "object_lock_configuration": [],
            "policy": "",
            "secret_key": "YCOTgnWEG3icvsbiU3Bm69miJI5wA6bTu-dJp9Ar",
            "server_side_encryption_configuration": [],
            "tags": null,
            "versioning": [
              {
                "enabled": false
              }
            ],
            "website": [],
            "website_domain": null,
            "website_endpoint": null
          },
          "sensitive_attributes": [
            [
              {
                "type": "get_attr",
                "value": "secret_key"
              }
            ]
          ],
          "private": "bnVsbA==",
          "dependencies": [
            "yandex_iam_service_account.sa-bucket",
            "yandex_iam_service_account_static_access_key.sa-static-key"
          ]
        }
      ]
    },
    {
      "mode": "managed",
      "type": "yandex_storage_object",
      "name": "Lenna_object",
      "provider": "provider[\"registry.terraform.io/yandex-cloud/yandex\"]",
      "instances": [
        {
          "schema_version": 0,
          "attributes": {
            "access_key": "YCAJEg6P6mIUlQC6SPJ8erwKj",
            "acl": "public-read",
            "bucket": "mentukov-netology-bucket-test",
            "content": null,
            "content_base64": null,
            "content_type": "application/octet-stream",
            "id": "Lenna.jpg",
            "key": "Lenna.jpg",
            "object_lock_legal_hold_status": "OFF",
            "object_lock_mode": null,
            "object_lock_retain_until_date": null,
            "secret_key": "YCOTgnWEG3icvsbiU3Bm69miJI5wA6bTu-dJp9Ar",
            "source": "pic/Lenna.jpg",
            "source_hash": null,
            "tags": null
          },
          "sensitive_attributes": [
            [
              {
                "type": "get_attr",
                "value": "secret_key"
              }
            ]
          ],
          "private": "bnVsbA==",
          "dependencies": [
            "yandex_iam_service_account.sa-bucket",
            "yandex_iam_service_account_static_access_key.sa-static-key",
            "yandex_storage_bucket.netology-bucket-test"
          ]
        }
      ]
    },
    {
      "mode": "managed",
      "type": "yandex_vpc_network",
      "name": "lab-net",
      "provider": "provider[\"registry.terraform.io/yandex-cloud/yandex\"]",
      "instances": [
        {
          "schema_version": 0,
          "attributes": {
            "created_at": "2023-08-03T11:44:36Z",
            "default_security_group_id": "",
            "description": "",
            "folder_id": "b1gtrdu4ncmc4ev0pqfe",
            "id": "enp24rulfmjhb8ouv13p",
            "labels": {},
            "name": "lab-network",
            "subnet_ids": [],
            "timeouts": null
          },
          "sensitive_attributes": [],
          "private": "eyJlMmJmYjczMC1lY2FhLTExZTYtOGY4OC0zNDM2M2JjN2M0YzAiOnsiY3JlYXRlIjo2MDAwMDAwMDAwMCwiZGVsZXRlIjo2MDAwMDAwMDAwMCwidXBkYXRlIjo2MDAwMDAwMDAwMH19"
        }
      ]
    },
    {
      "mode": "managed",
      "type": "yandex_vpc_subnet",
      "name": "subnet-public",
      "provider": "provider[\"registry.terraform.io/yandex-cloud/yandex\"]",
      "instances": [
        {
          "schema_version": 0,
          "attributes": {
            "created_at": "2023-08-03T11:44:38Z",
            "description": "",
            "dhcp_options": [],
            "folder_id": "b1gtrdu4ncmc4ev0pqfe",
            "id": "e9b0mfeveis71kgh46on",
            "labels": {},
            "name": "public",
            "network_id": "enp24rulfmjhb8ouv13p",
            "route_table_id": "",
            "timeouts": null,
            "v4_cidr_blocks": [
              "192.168.10.0/24"
            ],
            "v6_cidr_blocks": [],
            "zone": "ru-central1-a"
          },
          "sensitive_attributes": [],
          "private": "eyJlMmJmYjczMC1lY2FhLTExZTYtOGY4OC0zNDM2M2JjN2M0YzAiOnsiY3JlYXRlIjoxODAwMDAwMDAwMDAsImRlbGV0ZSI6MTgwMDAwMDAwMDAwLCJ1cGRhdGUiOjE4MDAwMDAwMDAwMH19",
          "dependencies": [
            "yandex_vpc_network.lab-net"
          ]
        }
      ]
    }
  ]
}
