{
  "version": 4,
  "terraform_version": "1.2.4",
  "serial": 25,
  "lineage": "67b1acc1-9a51-fd4d-2514-8b527dc36880",
  "outputs": {
    "external_ip_address_node01_yandex_cloud": {
      "value": "51.250.15.69",
      "type": "string"
    },
    "internal_ip_address_node01_yandex_cloud": {
      "value": "192.168.101.33",
      "type": "string"
    }
  },
  "resources": [
    {
      "mode": "managed",
      "type": "yandex_compute_instance",
      "name": "node01",
      "provider": "provider[\"registry.terraform.io/yandex-cloud/yandex\"]",
      "instances": [
        {
          "schema_version": 1,
          "attributes": {
            "allow_recreate": null,
            "allow_stopping_for_update": true,
            "boot_disk": [
              {
                "auto_delete": true,
                "device_name": "",
                "disk_id": "",
                "initialize_params": [
                  {
                    "block_size": 4096,
                    "description": "",
                    "image_id": "",
                    "name": "root-node01",
                    "size": 50,
                    "snapshot_id": "",
                    "type": "network-ssd"
                  }
                ],
                "mode": "READ_WRITE"
              }
            ],
            "created_at": "2022-07-04T14:13:38Z",
            "description": "",
            "folder_id": "",
            "fqdn": "node01.netology.cloud",
            "hostname": "node01",
            "id": "",
            "labels": null,
            "local_disk": [],
            "metadata": {
              "ssh-keys": "centos:ssh-rsa \n"
            },
            "name": "node01",
            "network_acceleration_type": "standard",
            "network_interface": [
              {
                "dns_record": [],
                "index": 0,
                "ip_address": "192.168.101.33",
                "ipv4": true,
                "ipv6": false,
                "ipv6_address": "",
                "ipv6_dns_record": [],
                "mac_address": "d0:0d:67:04:28:1c",
                "nat": true,
                "nat_dns_record": [],
                "nat_ip_address": "51.250.15.69",
                "nat_ip_version": "IPV4",
                "security_group_ids": [],
                "subnet_id": ""
              }
            ],
            "placement_policy": [
              {
                "host_affinity_rules": [],
                "placement_group_id": ""
              }
            ],
            "platform_id": "standard-v1",
            "resources": [
              {
                "core_fraction": 100,
                "cores": 8,
                "gpus": 0,
                "memory": 8
              }
            ],
            "scheduling_policy": [
              {
                "preemptible": false
              }
            ],
            "secondary_disk": [],
            "service_account_id": "",
            "status": "running",
            "timeouts": null,
            "zone": "ru-central1-a"
          },
          "sensitive_attributes": [],
          "private": "",
          "dependencies": [
            "yandex_vpc_subnet.default"
          ]
        }
      ]
    },
    {
      "mode": "managed",
      "type": "yandex_vpc_network",
      "name": "default",
      "provider": "provider[\"registry.terraform.io/yandex-cloud/yandex\"]",
      "instances": [
        {
          "schema_version": 0,
          "attributes": {
            "created_at": "2022-07-04T14:12:45Z",
            "default_security_group_id": "",
            "description": "",
            "folder_id": "",
            "id": "",
            "labels": {},
            "name": "net",
            "subnet_ids": [
              ""
            ],
            "timeouts": null
          },
          "sensitive_attributes": [],
          "private": ""
        }
      ]
    },
    {
      "mode": "managed",
      "type": "yandex_vpc_subnet",
      "name": "default",
      "provider": "provider[\"registry.terraform.io/yandex-cloud/yandex\"]",
      "instances": [
        {
          "schema_version": 0,
          "attributes": {
            "created_at": "2022-07-04T14:12:46Z",
            "description": "",
            "dhcp_options": [],
            "folder_id": "",
            "id": "",
            "labels": {},
            "name": "subnet",
            "network_id": "",
            "route_table_id": "",
            "timeouts": null,
            "v4_cidr_blocks": [
              "192.168.101.0/24"
            ],
            "v6_cidr_blocks": [],
            "zone": "ru-central1-a"
          },
          "sensitive_attributes": [],
          "private": "",
          "dependencies": [
            "yandex_vpc_network.default"
          ]
        }
      ]
    }
  ]
}
