{
  "version": 4,
  "terraform_version": "1.2.4",
  "serial": 123,
  "lineage": "9640e5d0-f652-96a2-92b3-ddd11349702c",
  "outputs": {
    "external_ip_address_nat_vm": {
      "value": "51.250.83.49",
      "type": "string"
    },
    "external_ip_address_private_vm": {
      "value": "",
      "type": "string"
    },
    "external_ip_address_public_vm": {
      "value": "158.160.109.121",
      "type": "string"
    },
    "internal_ip_address_nat_vm": {
      "value": "192.168.10.254",
      "type": "string"
    },
    "internal_ip_address_private_vm": {
      "value": "192.168.20.11",
      "type": "string"
    },
    "internal_ip_address_public_vm": {
      "value": "192.168.10.16",
      "type": "string"
    }
  },
  "resources": [
    {
      "mode": "data",
      "type": "yandex_compute_image",
      "name": "vm_image",
      "provider": "provider[\"registry.terraform.io/yandex-cloud/yandex\"]",
      "instances": [
        {
          "schema_version": 0,
          "attributes": {
            "created_at": "2023-07-31T10:53:16Z",
            "description": "ubuntu 20.04 lts",
            "family": "ubuntu-2004-lts",
            "folder_id": "standard-images",
            "id": "fd8s1rt9rlesqptbevhg",
            "image_id": "fd8s1rt9rlesqptbevhg",
            "labels": {},
            "min_disk_size": 5,
            "name": "ubuntu-20-04-lts-v20230731",
            "os_type": "linux",
            "pooled": true,
            "product_ids": [
              "f2e3eaei7io34qcf9rgp"
            ],
            "size": 4,
            "status": "ready"
          },
          "sensitive_attributes": []
        }
      ]
    },
    {
      "mode": "managed",
      "type": "yandex_compute_instance",
      "name": "instance-nat",
      "provider": "provider[\"registry.terraform.io/yandex-cloud/yandex\"]",
      "instances": [
        {
          "schema_version": 1,
          "attributes": {
            "allow_recreate": null,
            "allow_stopping_for_update": null,
            "boot_disk": [
              {
                "auto_delete": true,
                "device_name": "fhmokbdic9h5uugpbenb",
                "disk_id": "fhmokbdic9h5uugpbenb",
                "initialize_params": [
                  {
                    "block_size": 4096,
                    "description": "",
                    "image_id": "fd80mrhj8fl2oe87o4e1",
                    "name": "",
                    "size": 40,
                    "snapshot_id": "",
                    "type": "network-hdd"
                  }
                ],
                "mode": "READ_WRITE"
              }
            ],
            "created_at": "2023-07-31T14:23:27Z",
            "description": "",
            "filesystem": [],
            "folder_id": "b1gtrdu4ncmc4ev0pqfe",
            "fqdn": "instance-nat-vm.netology.ycloud",
            "gpu_cluster_id": "",
            "hostname": "instance-nat-vm.netology.ycloud",
            "id": "fhmmp698q1jh7vao06en",
            "labels": null,
            "local_disk": [],
            "metadata": {
              "ssh-keys": "ubuntu:ssh-rsa AAAAB3NzaC1yc2EAAAADAQABAAABAQDlOy41JTiKREYtoqwxziNVcUDgRdiSddu1N1vDXJwJ17tCdUh6lznccMEQcLoWdVM7tFITMkmrParKeWIRqLgcgdiQ8qY9UaUi29fGpDSLItHexKcZIjQk/5/8hWslYeIT2POkK2XQ8/B7XJ2To+Ps8Y8owHlXfT4ol6Zv/CEukFjBwqjvqpf2Kxuu5Qn5gt2dtmB5z+F06e5CVRtqa9+mt8lvHgbRuhznVI93acMgkZUuNXryQqLMlbcgsxArrNixi6ZwqdIw4mLoMqdbJFzTOLRrZu7j+YJVsHzlxdqBukeKaUuSdNkMCaOVbw38RxqW485Sq1pdN4QcTlgvzK7z mentukov@paradox-2.local\n"
            },
            "metadata_options": [
              {
                "aws_v1_http_endpoint": 1,
                "aws_v1_http_token": 2,
                "gce_http_endpoint": 1,
                "gce_http_token": 1
              }
            ],
            "name": "instance-nat-vm",
            "network_acceleration_type": "standard",
            "network_interface": [
              {
                "dns_record": [],
                "index": 0,
                "ip_address": "192.168.10.254",
                "ipv4": true,
                "ipv6": false,
                "ipv6_address": "",
                "ipv6_dns_record": [],
                "mac_address": "d0:0d:16:c9:92:8d",
                "nat": true,
                "nat_dns_record": [],
                "nat_ip_address": "51.250.83.49",
                "nat_ip_version": "IPV4",
                "security_group_ids": [],
                "subnet_id": "e9ba2mg9q08gao5092se"
              }
            ],
            "placement_policy": [
              {
                "host_affinity_rules": [],
                "placement_group_id": ""
              }
            ],
            "platform_id": "standard-v1",
            "resources": [
              {
                "core_fraction": 100,
                "cores": 2,
                "gpus": 0,
                "memory": 4
              }
            ],
            "scheduling_policy": [
              {
                "preemptible": false
              }
            ],
            "secondary_disk": [],
            "service_account_id": "",
            "status": "running",
            "timeouts": null,
            "zone": "ru-central1-a"
          },
          "sensitive_attributes": [],
          "private": "eyJlMmJmYjczMC1lY2FhLTExZTYtOGY4OC0zNDM2M2JjN2M0YzAiOnsiY3JlYXRlIjozMDAwMDAwMDAwMDAsImRlbGV0ZSI6MzAwMDAwMDAwMDAwLCJ1cGRhdGUiOjMwMDAwMDAwMDAwMH0sInNjaGVtYV92ZXJzaW9uIjoiMSJ9",
          "dependencies": [
            "yandex_vpc_network.lab-net",
            "yandex_vpc_subnet.subnet-public"
          ]
        }
      ]
    },
    {
      "mode": "managed",
      "type": "yandex_compute_instance",
      "name": "private-vm",
      "provider": "provider[\"registry.terraform.io/yandex-cloud/yandex\"]",
      "instances": [
        {
          "schema_version": 1,
          "attributes": {
            "allow_recreate": null,
            "allow_stopping_for_update": null,
            "boot_disk": [
              {
                "auto_delete": true,
                "device_name": "fhmvt55a241vjugopitg",
                "disk_id": "fhmvt55a241vjugopitg",
                "initialize_params": [
                  {
                    "block_size": 4096,
                    "description": "",
                    "image_id": "fd8s1rt9rlesqptbevhg",
                    "name": "",
                    "size": 20,
                    "snapshot_id": "",
                    "type": "network-hdd"
                  }
                ],
                "mode": "READ_WRITE"
              }
            ],
            "created_at": "2023-07-31T14:23:28Z",
            "description": "",
            "filesystem": [],
            "folder_id": "b1gtrdu4ncmc4ev0pqfe",
            "fqdn": "instance-private-vm.netology.ycloud",
            "gpu_cluster_id": "",
            "hostname": "instance-private-vm.netology.ycloud",
            "id": "fhm1mfjm43q8sk1ojmkl",
            "labels": null,
            "local_disk": [],
            "metadata": {
              "user_data": "#cloud-config\nusers:\n  - name: ubuntu\n    passwd: $2b$12$DxHiucdfXfBIXD8KVdduLu9M6rYiAY.YCS7zzGwdzsDAOUOnkbPDy\n    shell: /bin/bash\n"
            },
            "metadata_options": [
              {
                "aws_v1_http_endpoint": 1,
                "aws_v1_http_token": 2,
                "gce_http_endpoint": 1,
                "gce_http_token": 1
              }
            ],
            "name": "instance-private-vm",
            "network_acceleration_type": "standard",
            "network_interface": [
              {
                "dns_record": [],
                "index": 0,
                "ip_address": "192.168.20.11",
                "ipv4": true,
                "ipv6": false,
                "ipv6_address": "",
                "ipv6_dns_record": [],
                "mac_address": "d0:0d:1b:3e:76:20",
                "nat": false,
                "nat_dns_record": [],
                "nat_ip_address": "",
                "nat_ip_version": "",
                "security_group_ids": [],
                "subnet_id": "e9bh113qv3m4h3cnneo1"
              }
            ],
            "placement_policy": [
              {
                "host_affinity_rules": [],
                "placement_group_id": ""
              }
            ],
            "platform_id": "standard-v1",
            "resources": [
              {
                "core_fraction": 100,
                "cores": 2,
                "gpus": 0,
                "memory": 2
              }
            ],
            "scheduling_policy": [
              {
                "preemptible": false
              }
            ],
            "secondary_disk": [],
            "service_account_id": "",
            "status": "running",
            "timeouts": null,
            "zone": "ru-central1-a"
          },
          "sensitive_attributes": [],
          "private": "eyJlMmJmYjczMC1lY2FhLTExZTYtOGY4OC0zNDM2M2JjN2M0YzAiOnsiY3JlYXRlIjozMDAwMDAwMDAwMDAsImRlbGV0ZSI6MzAwMDAwMDAwMDAwLCJ1cGRhdGUiOjMwMDAwMDAwMDAwMH0sInNjaGVtYV92ZXJzaW9uIjoiMSJ9",
          "dependencies": [
            "data.yandex_compute_image.vm_image",
            "yandex_vpc_network.lab-net",
            "yandex_vpc_route_table.nat-route-table",
            "yandex_vpc_subnet.subnet-private"
          ]
        }
      ]
    },
    {
      "mode": "managed",
      "type": "yandex_compute_instance",
      "name": "public-vm",
      "provider": "provider[\"registry.terraform.io/yandex-cloud/yandex\"]",
      "instances": [
        {
          "schema_version": 1,
          "attributes": {
            "allow_recreate": null,
            "allow_stopping_for_update": null,
            "boot_disk": [
              {
                "auto_delete": true,
                "device_name": "fhmms0eg3gkf5bkbmeog",
                "disk_id": "fhmms0eg3gkf5bkbmeog",
                "initialize_params": [
                  {
                    "block_size": 4096,
                    "description": "",
                    "image_id": "fd8s1rt9rlesqptbevhg",
                    "name": "",
                    "size": 20,
                    "snapshot_id": "",
                    "type": "network-hdd"
                  }
                ],
                "mode": "READ_WRITE"
              }
            ],
            "created_at": "2023-07-31T14:23:27Z",
            "description": "",
            "filesystem": [],
            "folder_id": "b1gtrdu4ncmc4ev0pqfe",
            "fqdn": "instance-public-vm.netology.ycloud",
            "gpu_cluster_id": "",
            "hostname": "instance-public-vm.netology.ycloud",
            "id": "fhmgdt381ucd2k19gjdc",
            "labels": null,
            "local_disk": [],
            "metadata": {
              "ssh-keys": "ubuntu:ssh-rsa AAAAB3NzaC1yc2EAAAADAQABAAABAQDlOy41JTiKREYtoqwxziNVcUDgRdiSddu1N1vDXJwJ17tCdUh6lznccMEQcLoWdVM7tFITMkmrParKeWIRqLgcgdiQ8qY9UaUi29fGpDSLItHexKcZIjQk/5/8hWslYeIT2POkK2XQ8/B7XJ2To+Ps8Y8owHlXfT4ol6Zv/CEukFjBwqjvqpf2Kxuu5Qn5gt2dtmB5z+F06e5CVRtqa9+mt8lvHgbRuhznVI93acMgkZUuNXryQqLMlbcgsxArrNixi6ZwqdIw4mLoMqdbJFzTOLRrZu7j+YJVsHzlxdqBukeKaUuSdNkMCaOVbw38RxqW485Sq1pdN4QcTlgvzK7z mentukov@paradox-2.local\n"
            },
            "metadata_options": [
              {
                "aws_v1_http_endpoint": 1,
                "aws_v1_http_token": 2,
                "gce_http_endpoint": 1,
                "gce_http_token": 1
              }
            ],
            "name": "instance-public-vm",
            "network_acceleration_type": "standard",
            "network_interface": [
              {
                "dns_record": [],
                "index": 0,
                "ip_address": "192.168.10.16",
                "ipv4": true,
                "ipv6": false,
                "ipv6_address": "",
                "ipv6_dns_record": [],
                "mac_address": "d0:0d:10:6f:46:80",
                "nat": true,
                "nat_dns_record": [],
                "nat_ip_address": "158.160.109.121",
                "nat_ip_version": "IPV4",
                "security_group_ids": [],
                "subnet_id": "e9ba2mg9q08gao5092se"
              }
            ],
            "placement_policy": [
              {
                "host_affinity_rules": [],
                "placement_group_id": ""
              }
            ],
            "platform_id": "standard-v1",
            "resources": [
              {
                "core_fraction": 100,
                "cores": 2,
                "gpus": 0,
                "memory": 2
              }
            ],
            "scheduling_policy": [
              {
                "preemptible": false
              }
            ],
            "secondary_disk": [],
            "service_account_id": "",
            "status": "running",
            "timeouts": null,
            "zone": "ru-central1-a"
          },
          "sensitive_attributes": [],
          "private": "eyJlMmJmYjczMC1lY2FhLTExZTYtOGY4OC0zNDM2M2JjN2M0YzAiOnsiY3JlYXRlIjozMDAwMDAwMDAwMDAsImRlbGV0ZSI6MzAwMDAwMDAwMDAwLCJ1cGRhdGUiOjMwMDAwMDAwMDAwMH0sInNjaGVtYV92ZXJzaW9uIjoiMSJ9",
          "dependencies": [
            "data.yandex_compute_image.vm_image",
            "yandex_vpc_network.lab-net",
            "yandex_vpc_subnet.subnet-public"
          ]
        }
      ]
    },
    {
      "mode": "managed",
      "type": "yandex_vpc_network",
      "name": "lab-net",
      "provider": "provider[\"registry.terraform.io/yandex-cloud/yandex\"]",
      "instances": [
        {
          "schema_version": 0,
          "attributes": {
            "created_at": "2023-07-31T14:23:24Z",
            "default_security_group_id": "",
            "description": "",
            "folder_id": "b1gtrdu4ncmc4ev0pqfe",
            "id": "enplsvbkjmhp7dalo0a3",
            "labels": {},
            "name": "lab-network",
            "subnet_ids": [],
            "timeouts": null
          },
          "sensitive_attributes": [],
          "private": "eyJlMmJmYjczMC1lY2FhLTExZTYtOGY4OC0zNDM2M2JjN2M0YzAiOnsiY3JlYXRlIjo2MDAwMDAwMDAwMCwiZGVsZXRlIjo2MDAwMDAwMDAwMCwidXBkYXRlIjo2MDAwMDAwMDAwMH19"
        }
      ]
    },
    {
      "mode": "managed",
      "type": "yandex_vpc_route_table",
      "name": "nat-route-table",
      "provider": "provider[\"registry.terraform.io/yandex-cloud/yandex\"]",
      "instances": [
        {
          "schema_version": 0,
          "attributes": {
            "created_at": "2023-07-31T14:23:25Z",
            "description": "",
            "folder_id": "b1gtrdu4ncmc4ev0pqfe",
            "id": "enpdv22544r9v9c0s6t5",
            "labels": {},
            "name": "",
            "network_id": "enplsvbkjmhp7dalo0a3",
            "static_route": [
              {
                "destination_prefix": "0.0.0.0/0",
                "gateway_id": "",
                "next_hop_address": "192.168.10.254"
              }
            ],
            "timeouts": null
          },
          "sensitive_attributes": [],
          "private": "eyJlMmJmYjczMC1lY2FhLTExZTYtOGY4OC0zNDM2M2JjN2M0YzAiOnsiY3JlYXRlIjoxODAwMDAwMDAwMDAsImRlbGV0ZSI6MTgwMDAwMDAwMDAwLCJ1cGRhdGUiOjE4MDAwMDAwMDAwMH19",
          "dependencies": [
            "yandex_vpc_network.lab-net"
          ]
        }
      ]
    },
    {
      "mode": "managed",
      "type": "yandex_vpc_subnet",
      "name": "subnet-private",
      "provider": "provider[\"registry.terraform.io/yandex-cloud/yandex\"]",
      "instances": [
        {
          "schema_version": 0,
          "attributes": {
            "created_at": "2023-07-31T14:23:26Z",
            "description": "",
            "dhcp_options": [],
            "folder_id": "b1gtrdu4ncmc4ev0pqfe",
            "id": "e9bh113qv3m4h3cnneo1",
            "labels": {},
            "name": "private",
            "network_id": "enplsvbkjmhp7dalo0a3",
            "route_table_id": "enpdv22544r9v9c0s6t5",
            "timeouts": null,
            "v4_cidr_blocks": [
              "192.168.20.0/24"
            ],
            "v6_cidr_blocks": [],
            "zone": "ru-central1-a"
          },
          "sensitive_attributes": [],
          "private": "eyJlMmJmYjczMC1lY2FhLTExZTYtOGY4OC0zNDM2M2JjN2M0YzAiOnsiY3JlYXRlIjoxODAwMDAwMDAwMDAsImRlbGV0ZSI6MTgwMDAwMDAwMDAwLCJ1cGRhdGUiOjE4MDAwMDAwMDAwMH19",
          "dependencies": [
            "yandex_vpc_network.lab-net",
            "yandex_vpc_route_table.nat-route-table"
          ]
        }
      ]
    },
    {
      "mode": "managed",
      "type": "yandex_vpc_subnet",
      "name": "subnet-public",
      "provider": "provider[\"registry.terraform.io/yandex-cloud/yandex\"]",
      "instances": [
        {
          "schema_version": 0,
          "attributes": {
            "created_at": "2023-07-31T14:23:25Z",
            "description": "",
            "dhcp_options": [],
            "folder_id": "b1gtrdu4ncmc4ev0pqfe",
            "id": "e9ba2mg9q08gao5092se",
            "labels": {},
            "name": "public",
            "network_id": "enplsvbkjmhp7dalo0a3",
            "route_table_id": "",
            "timeouts": null,
            "v4_cidr_blocks": [
              "192.168.10.0/24"
            ],
            "v6_cidr_blocks": [],
            "zone": "ru-central1-a"
          },
          "sensitive_attributes": [],
          "private": "eyJlMmJmYjczMC1lY2FhLTExZTYtOGY4OC0zNDM2M2JjN2M0YzAiOnsiY3JlYXRlIjoxODAwMDAwMDAwMDAsImRlbGV0ZSI6MTgwMDAwMDAwMDAwLCJ1cGRhdGUiOjE4MDAwMDAwMDAwMH19",
          "dependencies": [
            "yandex_vpc_network.lab-net"
          ]
        }
      ]
    }
  ]
}
