{
  "version": 4,
  "terraform_version": "1.2.4",
  "serial": 14,
  "lineage": "1f5389f1-d5a5-8f02-0b52-2f4414334dd0",
  "outputs": {
    "external_ip_address_node01": {
      "value": "62.84.112.212",
      "type": "string"
    },
    "external_ip_address_node02": {
      "value": "62.84.114.215",
      "type": "string"
    },
    "external_ip_address_node03": {
      "value": "62.84.112.187",
      "type": "string"
    },
    "external_ip_address_node04": {
      "value": "62.84.112.251",
      "type": "string"
    },
    "external_ip_address_node05": {
      "value": "62.84.113.37",
      "type": "string"
    },
    "external_ip_address_node06": {
      "value": "62.84.114.251",
      "type": "string"
    },
    "internal_ip_address_node01": {
      "value": "192.168.101.11",
      "type": "string"
    },
    "internal_ip_address_node02": {
      "value": "192.168.101.12",
      "type": "string"
    },
    "internal_ip_address_node03": {
      "value": "192.168.101.13",
      "type": "string"
    },
    "internal_ip_address_node04": {
      "value": "192.168.101.14",
      "type": "string"
    },
    "internal_ip_address_node05": {
      "value": "192.168.101.15",
      "type": "string"
    },
    "internal_ip_address_node06": {
      "value": "192.168.101.16",
      "type": "string"
    }
  },
  "resources": [
    {
      "mode": "managed",
      "type": "local_file",
      "name": "inventory",
      "provider": "provider[\"registry.terraform.io/hashicorp/local\"]",
      "instances": [
        {
          "schema_version": 0,
          "attributes": {
            "content": "# Ansible inventory containing variable values from Terraform.\n# Generated by Terraform.\n\n[nodes:children]\nmanagers\nworkers\n\n[managers:children]\nactive\nstandby\n\n[active]\nnode01.netology.yc ansible_host=62.84.112.212\n\n[standby]\nnode02.netology.yc ansible_host=62.84.114.215\nnode03.netology.yc ansible_host=62.84.112.187\n\n[workers]\nnode04.netology.yc ansible_host=62.84.112.251\nnode05.netology.yc ansible_host=62.84.113.37\nnode06.netology.yc ansible_host=62.84.114.251\n",
            "content_base64": null,
            "directory_permission": "0777",
            "file_permission": "0777",
            "filename": "../ansible/inventory",
            "id": "53150ee926495907520740e6e2b3f55471fee518",
            "sensitive_content": null,
            "source": null
          },
          "sensitive_attributes": [],
          "private": "bnVsbA==",
          "dependencies": [
            "yandex_compute_instance.node01",
            "yandex_compute_instance.node02",
            "yandex_compute_instance.node03",
            "yandex_compute_instance.node04",
            "yandex_compute_instance.node05",
            "yandex_compute_instance.node06",
            "yandex_vpc_network.default",
            "yandex_vpc_subnet.default"
          ]
        }
      ]
    },
    {
      "mode": "managed",
      "type": "null_resource",
      "name": "cluster",
      "provider": "provider[\"registry.terraform.io/hashicorp/null\"]",
      "instances": [
        {
          "schema_version": 0,
          "attributes": {
            "id": "7052443908530882691",
            "triggers": null
          },
          "sensitive_attributes": [],
          "private": "bnVsbA==",
          "dependencies": [
            "local_file.inventory",
            "null_resource.wait",
            "yandex_compute_instance.node01",
            "yandex_compute_instance.node02",
            "yandex_compute_instance.node03",
            "yandex_compute_instance.node04",
            "yandex_compute_instance.node05",
            "yandex_compute_instance.node06",
            "yandex_vpc_network.default",
            "yandex_vpc_subnet.default"
          ]
        }
      ]
    },
    {
      "mode": "managed",
      "type": "null_resource",
      "name": "monitoring",
      "provider": "provider[\"registry.terraform.io/hashicorp/null\"]",
      "instances": [
        {
          "schema_version": 0,
          "attributes": {
            "id": "710935301077857596",
            "triggers": null
          },
          "sensitive_attributes": [],
          "private": "bnVsbA==",
          "dependencies": [
            "local_file.inventory",
            "null_resource.cluster",
            "null_resource.sync",
            "null_resource.wait",
            "yandex_compute_instance.node01",
            "yandex_compute_instance.node02",
            "yandex_compute_instance.node03",
            "yandex_compute_instance.node04",
            "yandex_compute_instance.node05",
            "yandex_compute_instance.node06",
            "yandex_vpc_network.default",
            "yandex_vpc_subnet.default"
          ]
        }
      ]
    },
    {
      "mode": "managed",
      "type": "null_resource",
      "name": "sync",
      "provider": "provider[\"registry.terraform.io/hashicorp/null\"]",
      "instances": [
        {
          "schema_version": 0,
          "attributes": {
            "id": "6865534202224131258",
            "triggers": null
          },
          "sensitive_attributes": [],
          "private": "bnVsbA==",
          "dependencies": [
            "local_file.inventory",
            "null_resource.cluster",
            "null_resource.wait",
            "yandex_compute_instance.node01",
            "yandex_compute_instance.node02",
            "yandex_compute_instance.node03",
            "yandex_compute_instance.node04",
            "yandex_compute_instance.node05",
            "yandex_compute_instance.node06",
            "yandex_vpc_network.default",
            "yandex_vpc_subnet.default"
          ]
        }
      ]
    },
    {
      "mode": "managed",
      "type": "null_resource",
      "name": "wait",
      "provider": "provider[\"registry.terraform.io/hashicorp/null\"]",
      "instances": [
        {
          "schema_version": 0,
          "attributes": {
            "id": "6965954248932464751",
            "triggers": null
          },
          "sensitive_attributes": [],
          "private": "bnVsbA==",
          "dependencies": [
            "local_file.inventory",
            "yandex_compute_instance.node01",
            "yandex_compute_instance.node02",
            "yandex_compute_instance.node03",
            "yandex_compute_instance.node04",
            "yandex_compute_instance.node05",
            "yandex_compute_instance.node06",
            "yandex_vpc_network.default",
            "yandex_vpc_subnet.default"
          ]
        }
      ]
    },
    {
      "mode": "managed",
      "type": "yandex_compute_instance",
      "name": "node01",
      "provider": "provider[\"registry.terraform.io/yandex-cloud/yandex\"]",
      "instances": [
        {
          "schema_version": 1,
          "attributes": {
            "allow_recreate": null,
            "allow_stopping_for_update": true,
            "boot_disk": [
              {
                "auto_delete": true,
                "device_name": "fhmcnme9md7ngd86qhs9",
                "disk_id": "fhmcnme9md7ngd86qhs9",
                "initialize_params": [
                  {
                    "block_size": 4096,
                    "description": "",
                    "image_id": "fd8tqq2krka3sud942c3",
                    "name": "root-node01",
                    "size": 10,
                    "snapshot_id": "",
                    "type": "network-ssd"
                  }
                ],
                "mode": "READ_WRITE"
              }
            ],
            "created_at": "2022-07-06T09:43:55Z",
            "description": "",
            "folder_id": "b1g0ffd5ikrqabigsp09",
            "fqdn": "node01.netology.yc",
            "hostname": "node01",
            "id": "fhm21bp5o5rp66fdtdak",
            "labels": null,
            "local_disk": [],
            "metadata": {
              "ssh-keys": "centos:ssh-rsa AAAAB3NzaC1yc2EAAAADAQABAAABAQDlOy41JTiKREYtoqwxziNVcUDgRdiSddu1N1vDXJwJ17tCdUh6lznccMEQcLoWdVM7tFITMkmrParKeWIRqLgcgdiQ8qY9UaUi29fGpDSLItHexKcZIjQk/5/8hWslYeIT2POkK2XQ8/B7XJ2To+Ps8Y8owHlXfT4ol6Zv/CEukFjBwqjvqpf2Kxuu5Qn5gt2dtmB5z+F06e5CVRtqa9+mt8lvHgbRuhznVI93acMgkZUuNXryQqLMlbcgsxArrNixi6ZwqdIw4mLoMqdbJFzTOLRrZu7j+YJVsHzlxdqBukeKaUuSdNkMCaOVbw38RxqW485Sq1pdN4QcTlgvzK7z mentukov@paradox-2.local\n"
            },
            "name": "node01",
            "network_acceleration_type": "standard",
            "network_interface": [
              {
                "dns_record": [],
                "index": 0,
                "ip_address": "192.168.101.11",
                "ipv4": true,
                "ipv6": false,
                "ipv6_address": "",
                "ipv6_dns_record": [],
                "mac_address": "d0:0d:20:af:25:c1",
                "nat": true,
                "nat_dns_record": [],
                "nat_ip_address": "62.84.112.212",
                "nat_ip_version": "IPV4",
                "security_group_ids": [],
                "subnet_id": "e9b8u5ppkaq4hr553aph"
              }
            ],
            "placement_policy": [
              {
                "host_affinity_rules": [],
                "placement_group_id": ""
              }
            ],
            "platform_id": "standard-v1",
            "resources": [
              {
                "core_fraction": 100,
                "cores": 4,
                "gpus": 0,
                "memory": 8
              }
            ],
            "scheduling_policy": [
              {
                "preemptible": false
              }
            ],
            "secondary_disk": [],
            "service_account_id": "",
            "status": "running",
            "timeouts": null,
            "zone": "ru-central1-a"
          },
          "sensitive_attributes": [],
          "private": "eyJlMmJmYjczMC1lY2FhLTExZTYtOGY4OC0zNDM2M2JjN2M0YzAiOnsiY3JlYXRlIjozMDAwMDAwMDAwMDAsImRlbGV0ZSI6MzAwMDAwMDAwMDAwLCJ1cGRhdGUiOjMwMDAwMDAwMDAwMH0sInNjaGVtYV92ZXJzaW9uIjoiMSJ9",
          "dependencies": [
            "yandex_vpc_network.default",
            "yandex_vpc_subnet.default"
          ]
        }
      ]
    },
    {
      "mode": "managed",
      "type": "yandex_compute_instance",
      "name": "node02",
      "provider": "provider[\"registry.terraform.io/yandex-cloud/yandex\"]",
      "instances": [
        {
          "schema_version": 1,
          "attributes": {
            "allow_recreate": null,
            "allow_stopping_for_update": true,
            "boot_disk": [
              {
                "auto_delete": true,
                "device_name": "fhmkfshvc51f2jftff6n",
                "disk_id": "fhmkfshvc51f2jftff6n",
                "initialize_params": [
                  {
                    "block_size": 4096,
                    "description": "",
                    "image_id": "fd8tqq2krka3sud942c3",
                    "name": "root-node02",
                    "size": 10,
                    "snapshot_id": "",
                    "type": "network-ssd"
                  }
                ],
                "mode": "READ_WRITE"
              }
            ],
            "created_at": "2022-07-06T09:43:55Z",
            "description": "",
            "folder_id": "b1g0ffd5ikrqabigsp09",
            "fqdn": "node02.netology.yc",
            "hostname": "node02",
            "id": "fhmivvb0cqg92nlj7r30",
            "labels": null,
            "local_disk": [],
            "metadata": {
              "ssh-keys": "centos:ssh-rsa AAAAB3NzaC1yc2EAAAADAQABAAABAQDlOy41JTiKREYtoqwxziNVcUDgRdiSddu1N1vDXJwJ17tCdUh6lznccMEQcLoWdVM7tFITMkmrParKeWIRqLgcgdiQ8qY9UaUi29fGpDSLItHexKcZIjQk/5/8hWslYeIT2POkK2XQ8/B7XJ2To+Ps8Y8owHlXfT4ol6Zv/CEukFjBwqjvqpf2Kxuu5Qn5gt2dtmB5z+F06e5CVRtqa9+mt8lvHgbRuhznVI93acMgkZUuNXryQqLMlbcgsxArrNixi6ZwqdIw4mLoMqdbJFzTOLRrZu7j+YJVsHzlxdqBukeKaUuSdNkMCaOVbw38RxqW485Sq1pdN4QcTlgvzK7z mentukov@paradox-2.local\n"
            },
            "name": "node02",
            "network_acceleration_type": "standard",
            "network_interface": [
              {
                "dns_record": [],
                "index": 0,
                "ip_address": "192.168.101.12",
                "ipv4": true,
                "ipv6": false,
                "ipv6_address": "",
                "ipv6_dns_record": [],
                "mac_address": "d0:0d:12:ff:d6:06",
                "nat": true,
                "nat_dns_record": [],
                "nat_ip_address": "62.84.114.215",
                "nat_ip_version": "IPV4",
                "security_group_ids": [],
                "subnet_id": "e9b8u5ppkaq4hr553aph"
              }
            ],
            "placement_policy": [
              {
                "host_affinity_rules": [],
                "placement_group_id": ""
              }
            ],
            "platform_id": "standard-v1",
            "resources": [
              {
                "core_fraction": 100,
                "cores": 4,
                "gpus": 0,
                "memory": 8
              }
            ],
            "scheduling_policy": [
              {
                "preemptible": false
              }
            ],
            "secondary_disk": [],
            "service_account_id": "",
            "status": "running",
            "timeouts": null,
            "zone": "ru-central1-a"
          },
          "sensitive_attributes": [],
          "private": "eyJlMmJmYjczMC1lY2FhLTExZTYtOGY4OC0zNDM2M2JjN2M0YzAiOnsiY3JlYXRlIjozMDAwMDAwMDAwMDAsImRlbGV0ZSI6MzAwMDAwMDAwMDAwLCJ1cGRhdGUiOjMwMDAwMDAwMDAwMH0sInNjaGVtYV92ZXJzaW9uIjoiMSJ9",
          "dependencies": [
            "yandex_vpc_network.default",
            "yandex_vpc_subnet.default"
          ]
        }
      ]
    },
    {
      "mode": "managed",
      "type": "yandex_compute_instance",
      "name": "node03",
      "provider": "provider[\"registry.terraform.io/yandex-cloud/yandex\"]",
      "instances": [
        {
          "schema_version": 1,
          "attributes": {
            "allow_recreate": null,
            "allow_stopping_for_update": true,
            "boot_disk": [
              {
                "auto_delete": true,
                "device_name": "fhmlrhkhmsumq4tab94j",
                "disk_id": "fhmlrhkhmsumq4tab94j",
                "initialize_params": [
                  {
                    "block_size": 4096,
                    "description": "",
                    "image_id": "fd8tqq2krka3sud942c3",
                    "name": "root-node03",
                    "size": 10,
                    "snapshot_id": "",
                    "type": "network-ssd"
                  }
                ],
                "mode": "READ_WRITE"
              }
            ],
            "created_at": "2022-07-06T09:43:55Z",
            "description": "",
            "folder_id": "b1g0ffd5ikrqabigsp09",
            "fqdn": "node03.netology.yc",
            "hostname": "node03",
            "id": "fhmcd4ea1escqak4grqq",
            "labels": null,
            "local_disk": [],
            "metadata": {
              "ssh-keys": "centos:ssh-rsa AAAAB3NzaC1yc2EAAAADAQABAAABAQDlOy41JTiKREYtoqwxziNVcUDgRdiSddu1N1vDXJwJ17tCdUh6lznccMEQcLoWdVM7tFITMkmrParKeWIRqLgcgdiQ8qY9UaUi29fGpDSLItHexKcZIjQk/5/8hWslYeIT2POkK2XQ8/B7XJ2To+Ps8Y8owHlXfT4ol6Zv/CEukFjBwqjvqpf2Kxuu5Qn5gt2dtmB5z+F06e5CVRtqa9+mt8lvHgbRuhznVI93acMgkZUuNXryQqLMlbcgsxArrNixi6ZwqdIw4mLoMqdbJFzTOLRrZu7j+YJVsHzlxdqBukeKaUuSdNkMCaOVbw38RxqW485Sq1pdN4QcTlgvzK7z mentukov@paradox-2.local\n"
            },
            "name": "node03",
            "network_acceleration_type": "standard",
            "network_interface": [
              {
                "dns_record": [],
                "index": 0,
                "ip_address": "192.168.101.13",
                "ipv4": true,
                "ipv6": false,
                "ipv6_address": "",
                "ipv6_dns_record": [],
                "mac_address": "d0:0d:c6:91:ca:0b",
                "nat": true,
                "nat_dns_record": [],
                "nat_ip_address": "62.84.112.187",
                "nat_ip_version": "IPV4",
                "security_group_ids": [],
                "subnet_id": "e9b8u5ppkaq4hr553aph"
              }
            ],
            "placement_policy": [
              {
                "host_affinity_rules": [],
                "placement_group_id": ""
              }
            ],
            "platform_id": "standard-v1",
            "resources": [
              {
                "core_fraction": 100,
                "cores": 4,
                "gpus": 0,
                "memory": 8
              }
            ],
            "scheduling_policy": [
              {
                "preemptible": false
              }
            ],
            "secondary_disk": [],
            "service_account_id": "",
            "status": "running",
            "timeouts": null,
            "zone": "ru-central1-a"
          },
          "sensitive_attributes": [],
          "private": "eyJlMmJmYjczMC1lY2FhLTExZTYtOGY4OC0zNDM2M2JjN2M0YzAiOnsiY3JlYXRlIjozMDAwMDAwMDAwMDAsImRlbGV0ZSI6MzAwMDAwMDAwMDAwLCJ1cGRhdGUiOjMwMDAwMDAwMDAwMH0sInNjaGVtYV92ZXJzaW9uIjoiMSJ9",
          "dependencies": [
            "yandex_vpc_network.default",
            "yandex_vpc_subnet.default"
          ]
        }
      ]
    },
    {
      "mode": "managed",
      "type": "yandex_compute_instance",
      "name": "node04",
      "provider": "provider[\"registry.terraform.io/yandex-cloud/yandex\"]",
      "instances": [
        {
          "schema_version": 1,
          "attributes": {
            "allow_recreate": null,
            "allow_stopping_for_update": true,
            "boot_disk": [
              {
                "auto_delete": true,
                "device_name": "fhm2b35q6bu9k3k8rojh",
                "disk_id": "fhm2b35q6bu9k3k8rojh",
                "initialize_params": [
                  {
                    "block_size": 4096,
                    "description": "",
                    "image_id": "fd8tqq2krka3sud942c3",
                    "name": "root-node04",
                    "size": 40,
                    "snapshot_id": "",
                    "type": "network-ssd"
                  }
                ],
                "mode": "READ_WRITE"
              }
            ],
            "created_at": "2022-07-06T09:43:55Z",
            "description": "",
            "folder_id": "b1g0ffd5ikrqabigsp09",
            "fqdn": "node04.netology.yc",
            "hostname": "node04",
            "id": "fhmbkcv3f7slntuc2ndf",
            "labels": null,
            "local_disk": [],
            "metadata": {
              "ssh-keys": "centos:ssh-rsa AAAAB3NzaC1yc2EAAAADAQABAAABAQDlOy41JTiKREYtoqwxziNVcUDgRdiSddu1N1vDXJwJ17tCdUh6lznccMEQcLoWdVM7tFITMkmrParKeWIRqLgcgdiQ8qY9UaUi29fGpDSLItHexKcZIjQk/5/8hWslYeIT2POkK2XQ8/B7XJ2To+Ps8Y8owHlXfT4ol6Zv/CEukFjBwqjvqpf2Kxuu5Qn5gt2dtmB5z+F06e5CVRtqa9+mt8lvHgbRuhznVI93acMgkZUuNXryQqLMlbcgsxArrNixi6ZwqdIw4mLoMqdbJFzTOLRrZu7j+YJVsHzlxdqBukeKaUuSdNkMCaOVbw38RxqW485Sq1pdN4QcTlgvzK7z mentukov@paradox-2.local\n"
            },
            "name": "node04",
            "network_acceleration_type": "standard",
            "network_interface": [
              {
                "dns_record": [],
                "index": 0,
                "ip_address": "192.168.101.14",
                "ipv4": true,
                "ipv6": false,
                "ipv6_address": "",
                "ipv6_dns_record": [],
                "mac_address": "d0:0d:ba:33:e3:79",
                "nat": true,
                "nat_dns_record": [],
                "nat_ip_address": "62.84.112.251",
                "nat_ip_version": "IPV4",
                "security_group_ids": [],
                "subnet_id": "e9b8u5ppkaq4hr553aph"
              }
            ],
            "placement_policy": [
              {
                "host_affinity_rules": [],
                "placement_group_id": ""
              }
            ],
            "platform_id": "standard-v1",
            "resources": [
              {
                "core_fraction": 100,
                "cores": 4,
                "gpus": 0,
                "memory": 8
              }
            ],
            "scheduling_policy": [
              {
                "preemptible": false
              }
            ],
            "secondary_disk": [],
            "service_account_id": "",
            "status": "running",
            "timeouts": null,
            "zone": "ru-central1-a"
          },
          "sensitive_attributes": [],
          "private": "eyJlMmJmYjczMC1lY2FhLTExZTYtOGY4OC0zNDM2M2JjN2M0YzAiOnsiY3JlYXRlIjozMDAwMDAwMDAwMDAsImRlbGV0ZSI6MzAwMDAwMDAwMDAwLCJ1cGRhdGUiOjMwMDAwMDAwMDAwMH0sInNjaGVtYV92ZXJzaW9uIjoiMSJ9",
          "dependencies": [
            "yandex_vpc_network.default",
            "yandex_vpc_subnet.default"
          ]
        }
      ]
    },
    {
      "mode": "managed",
      "type": "yandex_compute_instance",
      "name": "node05",
      "provider": "provider[\"registry.terraform.io/yandex-cloud/yandex\"]",
      "instances": [
        {
          "schema_version": 1,
          "attributes": {
            "allow_recreate": null,
            "allow_stopping_for_update": true,
            "boot_disk": [
              {
                "auto_delete": true,
                "device_name": "fhmiv2f03k8tk18cjd2n",
                "disk_id": "fhmiv2f03k8tk18cjd2n",
                "initialize_params": [
                  {
                    "block_size": 4096,
                    "description": "",
                    "image_id": "fd8tqq2krka3sud942c3",
                    "name": "root-node05",
                    "size": 40,
                    "snapshot_id": "",
                    "type": "network-ssd"
                  }
                ],
                "mode": "READ_WRITE"
              }
            ],
            "created_at": "2022-07-06T09:43:55Z",
            "description": "",
            "folder_id": "b1g0ffd5ikrqabigsp09",
            "fqdn": "node05.netology.yc",
            "hostname": "node05",
            "id": "fhmu5qnf1a7h0536b8kv",
            "labels": null,
            "local_disk": [],
            "metadata": {
              "ssh-keys": "centos:ssh-rsa AAAAB3NzaC1yc2EAAAADAQABAAABAQDlOy41JTiKREYtoqwxziNVcUDgRdiSddu1N1vDXJwJ17tCdUh6lznccMEQcLoWdVM7tFITMkmrParKeWIRqLgcgdiQ8qY9UaUi29fGpDSLItHexKcZIjQk/5/8hWslYeIT2POkK2XQ8/B7XJ2To+Ps8Y8owHlXfT4ol6Zv/CEukFjBwqjvqpf2Kxuu5Qn5gt2dtmB5z+F06e5CVRtqa9+mt8lvHgbRuhznVI93acMgkZUuNXryQqLMlbcgsxArrNixi6ZwqdIw4mLoMqdbJFzTOLRrZu7j+YJVsHzlxdqBukeKaUuSdNkMCaOVbw38RxqW485Sq1pdN4QcTlgvzK7z mentukov@paradox-2.local\n"
            },
            "name": "node05",
            "network_acceleration_type": "standard",
            "network_interface": [
              {
                "dns_record": [],
                "index": 0,
                "ip_address": "192.168.101.15",
                "ipv4": true,
                "ipv6": false,
                "ipv6_address": "",
                "ipv6_dns_record": [],
                "mac_address": "d0:0d:1e:2e:ae:f0",
                "nat": true,
                "nat_dns_record": [],
                "nat_ip_address": "62.84.113.37",
                "nat_ip_version": "IPV4",
                "security_group_ids": [],
                "subnet_id": "e9b8u5ppkaq4hr553aph"
              }
            ],
            "placement_policy": [
              {
                "host_affinity_rules": [],
                "placement_group_id": ""
              }
            ],
            "platform_id": "standard-v1",
            "resources": [
              {
                "core_fraction": 100,
                "cores": 4,
                "gpus": 0,
                "memory": 8
              }
            ],
            "scheduling_policy": [
              {
                "preemptible": false
              }
            ],
            "secondary_disk": [],
            "service_account_id": "",
            "status": "running",
            "timeouts": null,
            "zone": "ru-central1-a"
          },
          "sensitive_attributes": [],
          "private": "eyJlMmJmYjczMC1lY2FhLTExZTYtOGY4OC0zNDM2M2JjN2M0YzAiOnsiY3JlYXRlIjozMDAwMDAwMDAwMDAsImRlbGV0ZSI6MzAwMDAwMDAwMDAwLCJ1cGRhdGUiOjMwMDAwMDAwMDAwMH0sInNjaGVtYV92ZXJzaW9uIjoiMSJ9",
          "dependencies": [
            "yandex_vpc_network.default",
            "yandex_vpc_subnet.default"
          ]
        }
      ]
    },
    {
      "mode": "managed",
      "type": "yandex_compute_instance",
      "name": "node06",
      "provider": "provider[\"registry.terraform.io/yandex-cloud/yandex\"]",
      "instances": [
        {
          "schema_version": 1,
          "attributes": {
            "allow_recreate": null,
            "allow_stopping_for_update": true,
            "boot_disk": [
              {
                "auto_delete": true,
                "device_name": "fhm84ifekouilhv6dksp",
                "disk_id": "fhm84ifekouilhv6dksp",
                "initialize_params": [
                  {
                    "block_size": 4096,
                    "description": "",
                    "image_id": "fd8tqq2krka3sud942c3",
                    "name": "root-node06",
                    "size": 40,
                    "snapshot_id": "",
                    "type": "network-ssd"
                  }
                ],
                "mode": "READ_WRITE"
              }
            ],
            "created_at": "2022-07-06T09:43:55Z",
            "description": "",
            "folder_id": "b1g0ffd5ikrqabigsp09",
            "fqdn": "node06.netology.yc",
            "hostname": "node06",
            "id": "fhm4v9poleoaj5ka3kmh",
            "labels": null,
            "local_disk": [],
            "metadata": {
              "ssh-keys": "centos:ssh-rsa AAAAB3NzaC1yc2EAAAADAQABAAABAQDlOy41JTiKREYtoqwxziNVcUDgRdiSddu1N1vDXJwJ17tCdUh6lznccMEQcLoWdVM7tFITMkmrParKeWIRqLgcgdiQ8qY9UaUi29fGpDSLItHexKcZIjQk/5/8hWslYeIT2POkK2XQ8/B7XJ2To+Ps8Y8owHlXfT4ol6Zv/CEukFjBwqjvqpf2Kxuu5Qn5gt2dtmB5z+F06e5CVRtqa9+mt8lvHgbRuhznVI93acMgkZUuNXryQqLMlbcgsxArrNixi6ZwqdIw4mLoMqdbJFzTOLRrZu7j+YJVsHzlxdqBukeKaUuSdNkMCaOVbw38RxqW485Sq1pdN4QcTlgvzK7z mentukov@paradox-2.local\n"
            },
            "name": "node06",
            "network_acceleration_type": "standard",
            "network_interface": [
              {
                "dns_record": [],
                "index": 0,
                "ip_address": "192.168.101.16",
                "ipv4": true,
                "ipv6": false,
                "ipv6_address": "",
                "ipv6_dns_record": [],
                "mac_address": "d0:0d:4f:a7:38:ab",
                "nat": true,
                "nat_dns_record": [],
                "nat_ip_address": "62.84.114.251",
                "nat_ip_version": "IPV4",
                "security_group_ids": [],
                "subnet_id": "e9b8u5ppkaq4hr553aph"
              }
            ],
            "placement_policy": [
              {
                "host_affinity_rules": [],
                "placement_group_id": ""
              }
            ],
            "platform_id": "standard-v1",
            "resources": [
              {
                "core_fraction": 100,
                "cores": 4,
                "gpus": 0,
                "memory": 8
              }
            ],
            "scheduling_policy": [
              {
                "preemptible": false
              }
            ],
            "secondary_disk": [],
            "service_account_id": "",
            "status": "running",
            "timeouts": null,
            "zone": "ru-central1-a"
          },
          "sensitive_attributes": [],
          "private": "eyJlMmJmYjczMC1lY2FhLTExZTYtOGY4OC0zNDM2M2JjN2M0YzAiOnsiY3JlYXRlIjozMDAwMDAwMDAwMDAsImRlbGV0ZSI6MzAwMDAwMDAwMDAwLCJ1cGRhdGUiOjMwMDAwMDAwMDAwMH0sInNjaGVtYV92ZXJzaW9uIjoiMSJ9",
          "dependencies": [
            "yandex_vpc_network.default",
            "yandex_vpc_subnet.default"
          ]
        }
      ]
    },
    {
      "mode": "managed",
      "type": "yandex_vpc_network",
      "name": "default",
      "provider": "provider[\"registry.terraform.io/yandex-cloud/yandex\"]",
      "instances": [
        {
          "schema_version": 0,
          "attributes": {
            "created_at": "2022-07-06T09:43:52Z",
            "default_security_group_id": "",
            "description": "",
            "folder_id": "b1g0ffd5ikrqabigsp09",
            "id": "enp5cnk7585nnku53tgr",
            "labels": {},
            "name": "net",
            "subnet_ids": [],
            "timeouts": null
          },
          "sensitive_attributes": [],
          "private": "eyJlMmJmYjczMC1lY2FhLTExZTYtOGY4OC0zNDM2M2JjN2M0YzAiOnsiY3JlYXRlIjo2MDAwMDAwMDAwMCwiZGVsZXRlIjo2MDAwMDAwMDAwMCwidXBkYXRlIjo2MDAwMDAwMDAwMH19"
        }
      ]
    },
    {
      "mode": "managed",
      "type": "yandex_vpc_subnet",
      "name": "default",
      "provider": "provider[\"registry.terraform.io/yandex-cloud/yandex\"]",
      "instances": [
        {
          "schema_version": 0,
          "attributes": {
            "created_at": "2022-07-06T09:43:53Z",
            "description": "",
            "dhcp_options": [],
            "folder_id": "b1g0ffd5ikrqabigsp09",
            "id": "e9b8u5ppkaq4hr553aph",
            "labels": {},
            "name": "subnet",
            "network_id": "enp5cnk7585nnku53tgr",
            "route_table_id": "",
            "timeouts": null,
            "v4_cidr_blocks": [
              "192.168.101.0/24"
            ],
            "v6_cidr_blocks": [],
            "zone": "ru-central1-a"
          },
          "sensitive_attributes": [],
          "private": "eyJlMmJmYjczMC1lY2FhLTExZTYtOGY4OC0zNDM2M2JjN2M0YzAiOnsiY3JlYXRlIjoxODAwMDAwMDAwMDAsImRlbGV0ZSI6MTgwMDAwMDAwMDAwLCJ1cGRhdGUiOjE4MDAwMDAwMDAwMH19",
          "dependencies": [
            "yandex_vpc_network.default"
          ]
        }
      ]
    }
  ]
}
