{
  "version": 4,
  "terraform_version": "1.5.4",
  "serial": 46,
  "lineage": "7415cb87-fb8c-5dc2-b462-893f314199e3",
  "outputs": {
    "test-image-url": {
      "value": "https://mentukov-netology-bucket-test.storage.yandexcloud.net/Lenna.jpg",
      "type": "string"
    }
  },
  "resources": [
    {
      "mode": "managed",
      "type": "yandex_iam_service_account",
      "name": "sa-bucket",
      "provider": "provider[\"registry.terraform.io/yandex-cloud/yandex\"]",
      "instances": [
        {
          "schema_version": 0,
          "attributes": {
            "created_at": "2023-08-04T12:22:03Z",
            "description": "",
            "folder_id": "b1gtrdu4ncmc4ev0pqfe",
            "id": "ajes41u4r4p00c0k0t9n",
            "name": "sa-for-bucket",
            "timeouts": null
          },
          "sensitive_attributes": [],
          "private": "eyJlMmJmYjczMC1lY2FhLTExZTYtOGY4OC0zNDM2M2JjN2M0YzAiOnsiY3JlYXRlIjo2MDAwMDAwMDAwMCwiZGVsZXRlIjo2MDAwMDAwMDAwMCwidXBkYXRlIjo2MDAwMDAwMDAwMH19"
        }
      ]
    },
    {
      "mode": "managed",
      "type": "yandex_iam_service_account_static_access_key",
      "name": "sa-static-key",
      "provider": "provider[\"registry.terraform.io/yandex-cloud/yandex\"]",
      "instances": [
        {
          "schema_version": 0,
          "attributes": {
            "access_key": "YCAJEkqlOx3VLWRuU_YxLx1v8",
            "created_at": "2023-08-04T12:22:05Z",
            "description": "static access key for bucket",
            "encrypted_secret_key": null,
            "id": "aje1gedvqghepkveu3pq",
            "key_fingerprint": null,
            "pgp_key": null,
            "secret_key": "YCPlXhV5sIn6fmkKB2WusECBbLMgUN29rQAqAy-0",
            "service_account_id": "ajes41u4r4p00c0k0t9n"
          },
          "sensitive_attributes": [],
          "private": "bnVsbA==",
          "dependencies": [
            "yandex_iam_service_account.sa-bucket"
          ]
        }
      ]
    },
    {
      "mode": "managed",
      "type": "yandex_kms_symmetric_key",
      "name": "key-1",
      "provider": "provider[\"registry.terraform.io/yandex-cloud/yandex\"]",
      "instances": [
        {
          "schema_version": 1,
          "attributes": {
            "created_at": "2023-08-04T12:22:02Z",
            "default_algorithm": "AES_128",
            "deletion_protection": false,
            "description": "ключ для шифрования бакета",
            "folder_id": "b1gtrdu4ncmc4ev0pqfe",
            "id": "abju8jel80t3hsrhbg7c",
            "labels": null,
            "name": "key-1",
            "rotated_at": "",
            "rotation_period": "8760h0m0s",
            "status": "active",
            "timeouts": null
          },
          "sensitive_attributes": [],
          "private": "eyJlMmJmYjczMC1lY2FhLTExZTYtOGY4OC0zNDM2M2JjN2M0YzAiOnsiY3JlYXRlIjo2MDAwMDAwMDAwMCwiZGVsZXRlIjo2MDAwMDAwMDAwMCwicmVhZCI6NjAwMDAwMDAwMDAsInVwZGF0ZSI6NjAwMDAwMDAwMDB9LCJzY2hlbWFfdmVyc2lvbiI6IjEifQ=="
        }
      ]
    },
    {
      "mode": "managed",
      "type": "yandex_resourcemanager_folder_iam_member",
      "name": "bucket-editor",
      "provider": "provider[\"registry.terraform.io/yandex-cloud/yandex\"]",
      "instances": [
        {
          "schema_version": 0,
          "attributes": {
            "folder_id": "b1gtrdu4ncmc4ev0pqfe",
            "id": "b1gtrdu4ncmc4ev0pqfe/storage.editor/serviceAccount:ajes41u4r4p00c0k0t9n",
            "member": "serviceAccount:ajes41u4r4p00c0k0t9n",
            "role": "storage.editor",
            "sleep_after": null,
            "timeouts": null
          },
          "sensitive_attributes": [],
          "private": "eyJlMmJmYjczMC1lY2FhLTExZTYtOGY4OC0zNDM2M2JjN2M0YzAiOnsiY3JlYXRlIjo2MDAwMDAwMDAwMCwiZGVmYXVsdCI6NjAwMDAwMDAwMDAsImRlbGV0ZSI6NjAwMDAwMDAwMDAsInJlYWQiOjYwMDAwMDAwMDAwLCJ1cGRhdGUiOjYwMDAwMDAwMDAwfX0=",
          "dependencies": [
            "yandex_iam_service_account.sa-bucket"
          ]
        }
      ]
    },
    {
      "mode": "managed",
      "type": "yandex_resourcemanager_folder_iam_member",
      "name": "sa-editor-encrypter-decrypter",
      "provider": "provider[\"registry.terraform.io/yandex-cloud/yandex\"]",
      "instances": [
        {
          "schema_version": 0,
          "attributes": {
            "folder_id": "b1gtrdu4ncmc4ev0pqfe",
            "id": "b1gtrdu4ncmc4ev0pqfe/kms.keys.encrypterDecrypter/serviceAccount:ajes41u4r4p00c0k0t9n",
            "member": "serviceAccount:ajes41u4r4p00c0k0t9n",
            "role": "kms.keys.encrypterDecrypter",
            "sleep_after": null,
            "timeouts": null
          },
          "sensitive_attributes": [],
          "private": "eyJlMmJmYjczMC1lY2FhLTExZTYtOGY4OC0zNDM2M2JjN2M0YzAiOnsiY3JlYXRlIjo2MDAwMDAwMDAwMCwiZGVmYXVsdCI6NjAwMDAwMDAwMDAsImRlbGV0ZSI6NjAwMDAwMDAwMDAsInJlYWQiOjYwMDAwMDAwMDAwLCJ1cGRhdGUiOjYwMDAwMDAwMDAwfX0=",
          "dependencies": [
            "yandex_iam_service_account.sa-bucket"
          ]
        }
      ]
    },
    {
      "mode": "managed",
      "type": "yandex_storage_bucket",
      "name": "netology-bucket-test",
      "provider": "provider[\"registry.terraform.io/yandex-cloud/yandex\"]",
      "instances": [
        {
          "schema_version": 0,
          "attributes": {
            "access_key": "YCAJEkqlOx3VLWRuU_YxLx1v8",
            "acl": "public-read",
            "anonymous_access_flags": [
              {
                "config_read": null,
                "list": false,
                "read": true
              }
            ],
            "bucket": "mentukov-netology-bucket-test",
            "bucket_domain_name": "mentukov-netology-bucket-test.storage.yandexcloud.net",
            "bucket_prefix": null,
            "cors_rule": [],
            "default_storage_class": "STANDARD",
            "folder_id": "b1gtrdu4ncmc4ev0pqfe",
            "force_destroy": false,
            "grant": [],
            "https": [],
            "id": "mentukov-netology-bucket-test",
            "lifecycle_rule": [],
            "logging": [],
            "max_size": 1073741824,
            "object_lock_configuration": [],
            "policy": "",
            "secret_key": "YCPlXhV5sIn6fmkKB2WusECBbLMgUN29rQAqAy-0",
            "server_side_encryption_configuration": [
              {
                "rule": [
                  {
                    "apply_server_side_encryption_by_default": [
                      {
                        "kms_master_key_id": "abju8jel80t3hsrhbg7c",
                        "sse_algorithm": "aws:kms"
                      }
                    ]
                  }
                ]
              }
            ],
            "tags": null,
            "versioning": [
              {
                "enabled": false
              }
            ],
            "website": [],
            "website_domain": null,
            "website_endpoint": null
          },
          "sensitive_attributes": [
            [
              {
                "type": "get_attr",
                "value": "secret_key"
              }
            ]
          ],
          "private": "bnVsbA==",
          "dependencies": [
            "yandex_iam_service_account.sa-bucket",
            "yandex_iam_service_account_static_access_key.sa-static-key",
            "yandex_kms_symmetric_key.key-1"
          ]
        }
      ]
    },
    {
      "mode": "managed",
      "type": "yandex_storage_object",
      "name": "Lenna_object",
      "provider": "provider[\"registry.terraform.io/yandex-cloud/yandex\"]",
      "instances": [
        {
          "schema_version": 0,
          "attributes": {
            "access_key": "YCAJEkqlOx3VLWRuU_YxLx1v8",
            "acl": "public-read",
            "bucket": "mentukov-netology-bucket-test",
            "content": null,
            "content_base64": null,
            "content_type": "application/octet-stream",
            "id": "Lenna.jpg",
            "key": "Lenna.jpg",
            "object_lock_legal_hold_status": "OFF",
            "object_lock_mode": null,
            "object_lock_retain_until_date": null,
            "secret_key": "YCPlXhV5sIn6fmkKB2WusECBbLMgUN29rQAqAy-0",
            "source": "pic/Lenna.jpg",
            "source_hash": null,
            "tags": null
          },
          "sensitive_attributes": [
            [
              {
                "type": "get_attr",
                "value": "secret_key"
              }
            ]
          ],
          "private": "bnVsbA==",
          "dependencies": [
            "yandex_iam_service_account.sa-bucket",
            "yandex_iam_service_account_static_access_key.sa-static-key",
            "yandex_kms_symmetric_key.key-1",
            "yandex_storage_bucket.netology-bucket-test"
          ]
        }
      ]
    }
  ],
  "check_results": null
}
